{
  "version": "4",
  "specifiers": {
    "jsr:@db/sqlite@0.11": "0.11.1",
    "jsr:@denosaurs/plug@1": "1.0.6",
    "jsr:@oak/commons@1": "1.0.0",
    "jsr:@oak/oak@*": "17.1.0",
    "jsr:@oak/oak@^17.1.0": "17.1.0",
    "jsr:@std/assert@0.217": "0.217.0",
    "jsr:@std/assert@0.221": "0.221.0",
    "jsr:@std/assert@1": "1.0.6",
    "jsr:@std/bytes@1": "1.0.2",
    "jsr:@std/bytes@^1.0.2": "1.0.2",
    "jsr:@std/crypto@1": "1.0.3",
    "jsr:@std/encoding@0.221": "0.221.0",
    "jsr:@std/encoding@1": "1.0.5",
    "jsr:@std/encoding@^1.0.5": "1.0.5",
    "jsr:@std/fmt@0.221": "0.221.0",
    "jsr:@std/fs@0.221": "0.221.0",
    "jsr:@std/http@1": "1.0.8",
    "jsr:@std/internal@^1.0.4": "1.0.4",
    "jsr:@std/io@0.224": "0.224.9",
    "jsr:@std/media-types@1": "1.0.3",
    "jsr:@std/path@0.217": "0.217.0",
    "jsr:@std/path@0.221": "0.221.0",
    "jsr:@std/path@1": "1.0.6",
    "npm:@types/node@*": "22.5.4",
    "npm:path-to-regexp@6.2.1": "6.2.1",
    "npm:typeorm@*": "0.3.20"
  },
  "jsr": {
    "@db/sqlite@0.11.1": {
      "integrity": "546434e7ed762db07e6ade0f963540dd5e06723b802937bf260ff855b21ef9c5",
      "dependencies": [
        "jsr:@denosaurs/plug",
        "jsr:@std/path@0.217"
      ]
    },
    "@denosaurs/plug@1.0.6": {
      "integrity": "6cf5b9daba7799837b9ffbe89f3450510f588fafef8115ddab1ff0be9cb7c1a7",
      "dependencies": [
        "jsr:@std/encoding@0.221",
        "jsr:@std/fmt",
        "jsr:@std/fs",
        "jsr:@std/path@0.221"
      ]
    },
    "@oak/commons@1.0.0": {
      "integrity": "49805b55603c3627a9d6235c0655aa2b6222d3036b3a13ff0380c16368f607ac",
      "dependencies": [
        "jsr:@std/assert@1",
        "jsr:@std/bytes@1",
        "jsr:@std/crypto",
        "jsr:@std/encoding@1",
        "jsr:@std/http",
        "jsr:@std/media-types"
      ]
    },
    "@oak/oak@17.1.0": {
      "integrity": "14ffb400c3c268bdc7b3a838664fab782b4ed35bb0dfe7669013c95bb12a9503",
      "dependencies": [
        "jsr:@oak/commons",
        "jsr:@std/assert@1",
        "jsr:@std/bytes@1",
        "jsr:@std/crypto",
        "jsr:@std/http",
        "jsr:@std/io",
        "jsr:@std/media-types",
        "jsr:@std/path@1",
        "npm:path-to-regexp"
      ]
    },
    "@std/assert@0.217.0": {
      "integrity": "c98e279362ca6982d5285c3b89517b757c1e3477ee9f14eb2fdf80a45aaa9642"
    },
    "@std/assert@0.221.0": {
      "integrity": "a5f1aa6e7909dbea271754fd4ab3f4e687aeff4873b4cef9a320af813adb489a"
    },
    "@std/assert@1.0.6": {
      "integrity": "1904c05806a25d94fe791d6d883b685c9e2dcd60e4f9fc30f4fc5cf010c72207",
      "dependencies": [
        "jsr:@std/internal"
      ]
    },
    "@std/bytes@1.0.2": {
      "integrity": "fbdee322bbd8c599a6af186a1603b3355e59a5fb1baa139f8f4c3c9a1b3e3d57"
    },
    "@std/crypto@1.0.3": {
      "integrity": "a2a32f51ddef632d299e3879cd027c630dcd4d1d9a5285d6e6788072f4e51e7f"
    },
    "@std/encoding@0.221.0": {
      "integrity": "d1dd76ef0dc5d14088411e6dc1dede53bf8308c95d1537df1214c97137208e45"
    },
    "@std/encoding@1.0.5": {
      "integrity": "ecf363d4fc25bd85bd915ff6733a7e79b67e0e7806334af15f4645c569fefc04"
    },
    "@std/fmt@0.221.0": {
      "integrity": "379fed69bdd9731110f26b9085aeb740606b20428ce6af31ef6bd45ef8efa62a"
    },
    "@std/fs@0.221.0": {
      "integrity": "028044450299de8ed5a716ade4e6d524399f035513b85913794f4e81f07da286",
      "dependencies": [
        "jsr:@std/assert@0.221",
        "jsr:@std/path@0.221"
      ]
    },
    "@std/http@1.0.8": {
      "integrity": "6ea1b2e8d33929967754a3b6d6c6f399ad6647d7bbb5a466c1eaf9b294a6ebcd",
      "dependencies": [
        "jsr:@std/encoding@^1.0.5"
      ]
    },
    "@std/internal@1.0.4": {
      "integrity": "62e8e4911527e5e4f307741a795c0b0a9e6958d0b3790716ae71ce085f755422"
    },
    "@std/io@0.224.9": {
      "integrity": "4414664b6926f665102e73c969cfda06d2c4c59bd5d0c603fd4f1b1c840d6ee3",
      "dependencies": [
        "jsr:@std/bytes@^1.0.2"
      ]
    },
    "@std/media-types@1.0.3": {
      "integrity": "b12d30a7852f7578f4d210622df713bbfd1cbdd9b4ec2eaf5c1845ab70bab159"
    },
    "@std/path@0.217.0": {
      "integrity": "1217cc25534bca9a2f672d7fe7c6f356e4027df400c0e85c0ef3e4343bc67d11",
      "dependencies": [
        "jsr:@std/assert@0.217"
      ]
    },
    "@std/path@0.221.0": {
      "integrity": "0a36f6b17314ef653a3a1649740cc8db51b25a133ecfe838f20b79a56ebe0095",
      "dependencies": [
        "jsr:@std/assert@0.221"
      ]
    },
    "@std/path@1.0.6": {
      "integrity": "ab2c55f902b380cf28e0eec501b4906e4c1960d13f00e11cfbcd21de15f18fed"
    }
  },
  "npm": {
    "@isaacs/cliui@8.0.2": {
      "integrity": "sha512-O8jcjabXaleOG9DQ0+ARXWZBTfnP4WNAqzuiJK7ll44AmxGKv/J2M4TPjxjY3znBCfvBXFzucm1twdyFybFqEA==",
      "dependencies": [
        "string-width@5.1.2",
        "string-width-cjs@npm:string-width@4.2.3",
        "strip-ansi@7.1.0",
        "strip-ansi-cjs@npm:strip-ansi@6.0.1",
        "wrap-ansi@8.1.0",
        "wrap-ansi-cjs@npm:wrap-ansi@7.0.0"
      ]
    },
    "@pkgjs/parseargs@0.11.0": {
      "integrity": "sha512-+1VkjdD0QBLPodGrJUeqarH8VAIvQODIbwh9XpP5Syisf7YoQgsJKPNFoqqLQlu+VQ/tVSshMR6loPMn8U+dPg=="
    },
    "@sqltools/formatter@1.2.5": {
      "integrity": "sha512-Uy0+khmZqUrUGm5dmMqVlnvufZRSK0FbYzVgp0UMstm+F5+W2/jnEEQyc9vo1ZR/E5ZI/B1WjjoTqBqwJL6Krw=="
    },
    "@types/node@22.5.4": {
      "integrity": "sha512-FDuKUJQm/ju9fT/SeX/6+gBzoPzlVCzfzmGkwKvRHQVxi4BntVbyIwf6a4Xn62mrvndLiml6z/UBXIdEVjQLXg==",
      "dependencies": [
        "undici-types"
      ]
    },
    "ansi-regex@5.0.1": {
      "integrity": "sha512-quJQXlTSUGL2LH9SUXo8VwsY4soanhgo6LNSm84E1LBcE8s3O0wpdiRzyR9z/ZZJMlMWv37qOOb9pdJlMUEKFQ=="
    },
    "ansi-regex@6.1.0": {
      "integrity": "sha512-7HSX4QQb4CspciLpVFwyRe79O3xsIZDDLER21kERQ71oaPodF8jL725AgJMFAYbooIqolJoRLuM81SpeUkpkvA=="
    },
    "ansi-styles@4.3.0": {
      "integrity": "sha512-zbB9rCJAT1rbjiVDb2hqKFHNYLxgtk8NURxZ3IZwD3F6NtxbXZQCnnSi1Lkx+IDohdPlFp222wVALIheZJQSEg==",
      "dependencies": [
        "color-convert"
      ]
    },
    "ansi-styles@6.2.1": {
      "integrity": "sha512-bN798gFfQX+viw3R7yrGWRqnrN2oRkEkUjjl4JNn4E8GxxbjtG3FbrEIIY3l8/hrwUwIeCZvi4QuOTP4MErVug=="
    },
    "any-promise@1.3.0": {
      "integrity": "sha512-7UvmKalWRt1wgjL1RrGxoSJW/0QZFIegpeGvZG9kjp8vrRu55XTHbwnqq2GpXm9uLbcuhxm3IqX9OB4MZR1b2A=="
    },
    "app-root-path@3.1.0": {
      "integrity": "sha512-biN3PwB2gUtjaYy/isrU3aNWI5w+fAfvHkSvCKeQGxhmYpwKFUxudR3Yya+KqVRHBmEDYh+/lTozYCFbmzX4nA=="
    },
    "balanced-match@1.0.2": {
      "integrity": "sha512-3oSeUO0TMV67hN1AmbXsK4yaqU7tjiHlbxRDZOpH0KW9+CeX4bRAaX0Anxt0tx2MrpRpWwQaPwIlISEJhYU5Pw=="
    },
    "base64-js@1.5.1": {
      "integrity": "sha512-AKpaYlHn8t4SVbOHCy+b5+KKgvR4vrsD8vbvrbiQJps7fKDTkjkDry6ji0rUJjC0kzbNePLwzxq8iypo41qeWA=="
    },
    "brace-expansion@2.0.1": {
      "integrity": "sha512-XnAIvQ8eM+kC6aULx6wuQiwVsnzsi9d3WxzV3FpWTGA19F621kwdbsAcFKXgKUHZWsy+mY6iL1sHTxWEFCytDA==",
      "dependencies": [
        "balanced-match"
      ]
    },
    "buffer@6.0.3": {
      "integrity": "sha512-FTiCpNxtwiZZHEZbcbTIcZjERVICn9yq/pDFkTl95/AxzD1naBctN7YO68riM/gLSDY7sdrMby8hofADYuuqOA==",
      "dependencies": [
        "base64-js",
        "ieee754"
      ]
    },
    "chalk@4.1.2": {
      "integrity": "sha512-oKnbhFyRIXpUuez8iBMmyEa4nbj4IOQyuhc/wy9kY7/WVPcwIO9VA668Pu8RkO7+0G76SLROeyw9CpQ061i4mA==",
      "dependencies": [
        "ansi-styles@4.3.0",
        "supports-color"
      ]
    },
    "cli-highlight@2.1.11": {
      "integrity": "sha512-9KDcoEVwyUXrjcJNvHD0NFc/hiwe/WPVYIleQh2O1N2Zro5gWJZ/K+3DGn8w8P/F6FxOgzyC5bxDyHIgCSPhGg==",
      "dependencies": [
        "chalk",
        "highlight.js",
        "mz",
        "parse5@5.1.1",
        "parse5-htmlparser2-tree-adapter",
        "yargs@16.2.0"
      ]
    },
    "cliui@7.0.4": {
      "integrity": "sha512-OcRE68cOsVMXp1Yvonl/fzkQOyjLSu/8bhPDfQt0e0/Eb283TKP20Fs2MqoPsr9SwA595rRCA+QMzYc9nBP+JQ==",
      "dependencies": [
        "string-width@4.2.3",
        "strip-ansi@6.0.1",
        "wrap-ansi@7.0.0"
      ]
    },
    "cliui@8.0.1": {
      "integrity": "sha512-BSeNnyus75C4//NQ9gQt1/csTXyo/8Sb+afLAkzAptFuMsod9HFokGNudZpi/oQV73hnVK+sR+5PVRMd+Dr7YQ==",
      "dependencies": [
        "string-width@4.2.3",
        "strip-ansi@6.0.1",
        "wrap-ansi@7.0.0"
      ]
    },
    "color-convert@2.0.1": {
      "integrity": "sha512-RRECPsj7iu/xb5oKYcsFHSppFNnsj/52OVTRKb4zP5onXwVF3zVmmToNcOfGC+CRDpfK/U584fMg38ZHCaElKQ==",
      "dependencies": [
        "color-name"
      ]
    },
    "color-name@1.1.4": {
      "integrity": "sha512-dOy+3AuW3a2wNbZHIuMZpTcgjGuLU/uBL/ubcZF9OXbDo8ff4O8yVp5Bf0efS8uEoYo5q4Fx7dY9OgQGXgAsQA=="
    },
    "cross-spawn@7.0.3": {
      "integrity": "sha512-iRDPJKUPVEND7dHPO8rkbOnPpyDygcDFtWjpeWNCgy8WP2rXcxXL8TskReQl6OrB2G7+UJrags1q15Fudc7G6w==",
      "dependencies": [
        "path-key",
        "shebang-command",
        "which"
      ]
    },
    "dayjs@1.11.13": {
      "integrity": "sha512-oaMBel6gjolK862uaPQOVTA7q3TZhuSvuMQAAglQDOWYO9A91IrAOUJEyKVlqJlHE0vq5p5UXxzdPfMH/x6xNg=="
    },
    "debug@4.3.7": {
      "integrity": "sha512-Er2nc/H7RrMXZBFCEim6TCmMk02Z8vLC2Rbi1KEBggpo0fS6l0S1nnapwmIi3yW/+GOJap1Krg4w0Hg80oCqgQ==",
      "dependencies": [
        "ms"
      ]
    },
    "dotenv@16.4.5": {
      "integrity": "sha512-ZmdL2rui+eB2YwhsWzjInR8LldtZHGDoQ1ugH85ppHKwpUHL7j7rN0Ti9NCnGiQbhaZ11FpR+7ao1dNsmduNUg=="
    },
    "eastasianwidth@0.2.0": {
      "integrity": "sha512-I88TYZWc9XiYHRQ4/3c5rjjfgkjhLyW2luGIheGERbNQ6OY7yTybanSpDXZa8y7VUP9YmDcYa+eyq4ca7iLqWA=="
    },
    "emoji-regex@8.0.0": {
      "integrity": "sha512-MSjYzcWNOA0ewAHpz0MxpYFvwg6yjy1NG3xteoqz644VCo/RPgnr1/GGt+ic3iJTzQ8Eu3TdM14SawnVUmGE6A=="
    },
    "emoji-regex@9.2.2": {
      "integrity": "sha512-L18DaJsXSUk2+42pv8mLs5jJT2hqFkFE4j21wOmgbUqsZ2hL72NsUU785g9RXgo3s0ZNgVl42TiHp3ZtOv/Vyg=="
    },
    "escalade@3.2.0": {
      "integrity": "sha512-WUj2qlxaQtO4g6Pq5c29GTcWGDyd8itL8zTlipgECz3JesAiiOKotd8JU6otB3PACgG6xkJUyVhboMS+bje/jA=="
    },
    "foreground-child@3.3.0": {
      "integrity": "sha512-Ld2g8rrAyMYFXBhEqMz8ZAHBi4J4uS1i/CxGMDnjyFWddMXLVcDp051DZfu+t7+ab7Wv6SMqpWmyFIj5UbfFvg==",
      "dependencies": [
        "cross-spawn",
        "signal-exit"
      ]
    },
    "get-caller-file@2.0.5": {
      "integrity": "sha512-DyFP3BM/3YHTQOCUL/w0OZHR0lpKeGrxotcHWcqNEdnltqFwXVfhEBQ94eIo34AfQpo0rGki4cyIiftY06h2Fg=="
    },
    "glob@10.4.5": {
      "integrity": "sha512-7Bv8RF0k6xjo7d4A/PxYLbUCfb6c+Vpd2/mB2yRDlew7Jb5hEXiCD9ibfO7wpk8i4sevK6DFny9h7EYbM3/sHg==",
      "dependencies": [
        "foreground-child",
        "jackspeak",
        "minimatch",
        "minipass",
        "package-json-from-dist",
        "path-scurry"
      ]
    },
    "has-flag@4.0.0": {
      "integrity": "sha512-EykJT/Q1KjTWctppgIAgfSO0tKVuZUjhgMr17kqTumMl6Afv3EISleU7qZUzoXDFTAHTDC4NOoG/ZxU3EvlMPQ=="
    },
    "highlight.js@10.7.3": {
      "integrity": "sha512-tzcUFauisWKNHaRkN4Wjl/ZA07gENAjFl3J/c480dprkGTg5EQstgaNFqBfUqCq54kZRIEcreTsAgF/m2quD7A=="
    },
    "ieee754@1.2.1": {
      "integrity": "sha512-dcyqhDvX1C46lXZcVqCpK+FtMRQVdIMN6/Df5js2zouUsqG7I6sFxitIC+7KYK29KdXOLHdu9zL4sFnoVQnqaA=="
    },
    "inherits@2.0.4": {
      "integrity": "sha512-k/vGaX4/Yla3WzyMCvTQOXYeIHvqOKtnqBduzTHpzpQZzAskKMhZ2K+EnBiSM9zGSoIFeMpXKxa4dYeZIQqewQ=="
    },
    "is-fullwidth-code-point@3.0.0": {
      "integrity": "sha512-zymm5+u+sCsSWyD9qNaejV3DFvhCKclKdizYaJUuHA83RLjb7nSuGnddCHGv0hk+KY7BMAlsWeK4Ueg6EV6XQg=="
    },
    "isexe@2.0.0": {
      "integrity": "sha512-RHxMLp9lnKHGHRng9QFhRCMbYAcVpn69smSGcq3f36xjgVVWThj4qqLbTLlq7Ssj8B+fIQ1EuCEGI2lKsyQeIw=="
    },
    "jackspeak@3.4.3": {
      "integrity": "sha512-OGlZQpz2yfahA/Rd1Y8Cd9SIEsqvXkLVoSw/cgwhnhFMDbsQFeZYoJJ7bIZBS9BcamUW96asq/npPWugM+RQBw==",
      "dependencies": [
        "@isaacs/cliui",
        "@pkgjs/parseargs"
      ]
    },
    "lru-cache@10.4.3": {
      "integrity": "sha512-JNAzZcXrCt42VGLuYz0zfAzDfAvJWW6AfYlDBQyDV5DClI2m5sAmK+OIO7s59XfsRsWHp02jAJrRadPRGTt6SQ=="
    },
    "minimatch@9.0.5": {
      "integrity": "sha512-G6T0ZX48xgozx7587koeX9Ys2NYy6Gmv//P89sEte9V9whIapMNF4idKxnW2QtCcLiTWlb/wfCabAtAFWhhBow==",
      "dependencies": [
        "brace-expansion"
      ]
    },
    "minipass@7.1.2": {
      "integrity": "sha512-qOOzS1cBTWYF4BH8fVePDBOO9iptMnGUEZwNc/cMWnTV2nVLZ7VoNWEPHkYczZA0pdoA7dl6e7FL659nX9S2aw=="
    },
    "mkdirp@2.1.6": {
      "integrity": "sha512-+hEnITedc8LAtIP9u3HJDFIdcLV2vXP33sqLLIzkv1Db1zO/1OxbvYf0Y1OC/S/Qo5dxHXepofhmxL02PsKe+A=="
    },
    "ms@2.1.3": {
      "integrity": "sha512-6FlzubTLZG3J2a/NVCAleEhjzq5oxgHyaCU9yYXvcLsvoVaHJq/s5xXI6/XXP6tz7R9xAOtHnSO/tXtF3WRTlA=="
    },
    "mz@2.7.0": {
      "integrity": "sha512-z81GNO7nnYMEhrGh9LeymoE4+Yr0Wn5McHIZMK5cfQCl+NDX08sCZgUc9/6MHni9IWuFLm1Z3HTCXu2z9fN62Q==",
      "dependencies": [
        "any-promise",
        "object-assign",
        "thenify-all"
      ]
    },
    "object-assign@4.1.1": {
      "integrity": "sha512-rJgTQnkUnH1sFw8yT6VSU3zD3sWmu6sZhIseY8VX+GRu3P6F7Fu+JNDoXfklElbLJSnc3FUQHVe4cU5hj+BcUg=="
    },
    "package-json-from-dist@1.0.1": {
      "integrity": "sha512-UEZIS3/by4OC8vL3P2dTXRETpebLI2NiI5vIrjaD/5UtrkFX/tNbwjTSRAGC/+7CAo2pIcBaRgWmcBBHcsaCIw=="
    },
    "parse5-htmlparser2-tree-adapter@6.0.1": {
      "integrity": "sha512-qPuWvbLgvDGilKc5BoicRovlT4MtYT6JfJyBOMDsKoiT+GiuP5qyrPCnR9HcPECIJJmZh5jRndyNThnhhb/vlA==",
      "dependencies": [
        "parse5@6.0.1"
      ]
    },
    "parse5@5.1.1": {
      "integrity": "sha512-ugq4DFI0Ptb+WWjAdOK16+u/nHfiIrcE+sh8kZMaM0WllQKLI9rOUq6c2b7cwPkXdzfQESqvoqK6ug7U/Yyzug=="
    },
    "parse5@6.0.1": {
      "integrity": "sha512-Ofn/CTFzRGTTxwpNEs9PP93gXShHcTq255nzRYSKe8AkVpZY7e1fpmTfOyoIvjP5HG7Z2ZM7VS9PPhQGW2pOpw=="
    },
    "path-key@3.1.1": {
      "integrity": "sha512-ojmeN0qd+y0jszEtoY48r0Peq5dwMEkIlCOu6Q5f41lfkswXuKtYrhgoTpLnyIcHm24Uhqx+5Tqm2InSwLhE6Q=="
    },
    "path-scurry@1.11.1": {
      "integrity": "sha512-Xa4Nw17FS9ApQFJ9umLiJS4orGjm7ZzwUrwamcGQuHSzDyth9boKDaycYdDcZDuqYATXw4HFXgaqWTctW/v1HA==",
      "dependencies": [
        "lru-cache",
        "minipass"
      ]
    },
    "path-to-regexp@6.2.1": {
      "integrity": "sha512-JLyh7xT1kizaEvcaXOQwOc2/Yhw6KZOvPf1S8401UyLk86CU79LN3vl7ztXGm/pZ+YjoyAJ4rxmHwbkBXJX+yw=="
    },
    "reflect-metadata@0.2.2": {
      "integrity": "sha512-urBwgfrvVP/eAyXx4hluJivBKzuEbSQs9rKWCrCkbSxNv8mxPcUZKeuoF3Uy4mJl3Lwprp6yy5/39VWigZ4K6Q=="
    },
    "require-directory@2.1.1": {
      "integrity": "sha512-fGxEI7+wsG9xrvdjsrlmL22OMTTiHRwAMroiEeMgq8gzoLC/PQr7RsRDSTLUg/bZAZtF+TVIkHc6/4RIKrui+Q=="
    },
    "safe-buffer@5.2.1": {
      "integrity": "sha512-rp3So07KcdmmKbGvgaNxQSJr7bGVSVk5S9Eq1F+ppbRo70+YeaDxkw5Dd8NPN+GD6bjnYm2VuPuCXmpuYvmCXQ=="
    },
    "sha.js@2.4.11": {
      "integrity": "sha512-QMEp5B7cftE7APOjk5Y6xgrbWu+WkLVQwk8JNjZ8nKRciZaByEW6MubieAiToS7+dwvrjGhH8jRXz3MVd0AYqQ==",
      "dependencies": [
        "inherits",
        "safe-buffer"
      ]
    },
    "shebang-command@2.0.0": {
      "integrity": "sha512-kHxr2zZpYtdmrN1qDjrrX/Z1rR1kG8Dx+gkpK1G4eXmvXswmcE1hTWBWYUzlraYw1/yZp6YuDY77YtvbN0dmDA==",
      "dependencies": [
        "shebang-regex"
      ]
    },
    "shebang-regex@3.0.0": {
      "integrity": "sha512-7++dFhtcx3353uBaq8DDR4NuxBetBzC7ZQOhmTQInHEd6bSrXdiEyzCvG07Z44UYdLShWUyXt5M/yhz8ekcb1A=="
    },
    "signal-exit@4.1.0": {
      "integrity": "sha512-bzyZ1e88w9O1iNJbKnOlvYTrWPDl46O1bG0D3XInv+9tkPrxrN8jUUTiFlDkkmKWgn1M6CfIA13SuGqOa9Korw=="
    },
    "string-width@4.2.3": {
      "integrity": "sha512-wKyQRQpjJ0sIp62ErSZdGsjMJWsap5oRNihHhu6G7JVO/9jIB6UyevL+tXuOqrng8j/cxKTWyWUwvSTriiZz/g==",
      "dependencies": [
        "emoji-regex@8.0.0",
        "is-fullwidth-code-point",
        "strip-ansi@6.0.1"
      ]
    },
    "string-width@5.1.2": {
      "integrity": "sha512-HnLOCR3vjcY8beoNLtcjZ5/nxn2afmME6lhrDrebokqMap+XbeW8n9TXpPDOqdGK5qcI3oT0GKTW6wC7EMiVqA==",
      "dependencies": [
        "eastasianwidth",
        "emoji-regex@9.2.2",
        "strip-ansi@7.1.0"
      ]
    },
    "strip-ansi@6.0.1": {
      "integrity": "sha512-Y38VPSHcqkFrCpFnQ9vuSXmquuv5oXOKpGeT6aGrr3o3Gc9AlVa6JBfUSOCnbxGGZF+/0ooI7KrPuUSztUdU5A==",
      "dependencies": [
        "ansi-regex@5.0.1"
      ]
    },
    "strip-ansi@7.1.0": {
      "integrity": "sha512-iq6eVVI64nQQTRYq2KtEg2d2uU7LElhTJwsH4YzIHZshxlgZms/wIc4VoDQTlG/IvVIrBKG06CrZnp0qv7hkcQ==",
      "dependencies": [
        "ansi-regex@6.1.0"
      ]
    },
    "supports-color@7.2.0": {
      "integrity": "sha512-qpCAvRl9stuOHveKsn7HncJRvv501qIacKzQlO/+Lwxc9+0q2wLyv4Dfvt80/DPn2pqOBsJdDiogXGR9+OvwRw==",
      "dependencies": [
        "has-flag"
      ]
    },
    "thenify-all@1.6.0": {
      "integrity": "sha512-RNxQH/qI8/t3thXJDwcstUO4zeqo64+Uy/+sNVRBx4Xn2OX+OZ9oP+iJnNFqplFra2ZUVeKCSa2oVWi3T4uVmA==",
      "dependencies": [
        "thenify"
      ]
    },
    "thenify@3.3.1": {
      "integrity": "sha512-RVZSIV5IG10Hk3enotrhvz0T9em6cyHBLkH/YAZuKqd8hRkKhSfCGIcP2KUY0EPxndzANBmNllzWPwak+bheSw==",
      "dependencies": [
        "any-promise"
      ]
    },
    "tslib@2.8.0": {
      "integrity": "sha512-jWVzBLplnCmoaTr13V9dYbiQ99wvZRd0vNWaDRg+aVYRcjDF3nDksxFDE/+fkXnKhpnUUkmx5pK/v8mCtLVqZA=="
    },
    "typeorm@0.3.20": {
      "integrity": "sha512-sJ0T08dV5eoZroaq9uPKBoNcGslHBR4E4y+EBHs//SiGbblGe7IeduP/IH4ddCcj0qp3PHwDwGnuvqEAnKlq/Q==",
      "dependencies": [
        "@sqltools/formatter",
        "app-root-path",
        "buffer",
        "chalk",
        "cli-highlight",
        "dayjs",
        "debug",
        "dotenv",
        "glob",
        "mkdirp",
        "reflect-metadata",
        "sha.js",
        "tslib",
        "uuid",
        "yargs@17.7.2"
      ]
    },
    "undici-types@6.19.8": {
      "integrity": "sha512-ve2KP6f/JnbPBFyobGHuerC9g1FYGn/F8n1LWTwNxCEzd6IfqTwUQcNXgEtmmQ6DlRrC1hrSrBnCZPokRrDHjw=="
    },
    "uuid@9.0.1": {
      "integrity": "sha512-b+1eJOlsR9K8HJpow9Ok3fiWOWSIcIzXodvv0rQjVoOVNpWMpxf1wZNpt4y9h10odCNrqnYp1OBzRktckBe3sA=="
    },
    "which@2.0.2": {
      "integrity": "sha512-BLI3Tl1TW3Pvl70l3yq3Y64i+awpwXqsGBYWkkqMtnbXgrMD+yj7rhW0kuEDxzJaYXGjEW5ogapKNMEKNMjibA==",
      "dependencies": [
        "isexe"
      ]
    },
    "wrap-ansi@7.0.0": {
      "integrity": "sha512-YVGIj2kamLSTxw6NsZjoBxfSwsn0ycdesmc4p+Q21c5zPuZ1pl+NfxVdxPtdHvmNVOQ6XSYG4AUtyt/Fi7D16Q==",
      "dependencies": [
        "ansi-styles@4.3.0",
        "string-width@4.2.3",
        "strip-ansi@6.0.1"
      ]
    },
    "wrap-ansi@8.1.0": {
      "integrity": "sha512-si7QWI6zUMq56bESFvagtmzMdGOtoxfR+Sez11Mobfc7tm+VkUckk9bW2UeffTGVUbOksxmSw0AA2gs8g71NCQ==",
      "dependencies": [
        "ansi-styles@6.2.1",
        "string-width@5.1.2",
        "strip-ansi@7.1.0"
      ]
    },
    "y18n@5.0.8": {
      "integrity": "sha512-0pfFzegeDWJHJIAmTLRP2DwHjdF5s7jo9tuztdQxAhINCdvS+3nGINqPd00AphqJR/0LhANUS6/+7SCb98YOfA=="
    },
    "yargs-parser@20.2.9": {
      "integrity": "sha512-y11nGElTIV+CT3Zv9t7VKl+Q3hTQoT9a1Qzezhhl6Rp21gJ/IVTW7Z3y9EWXhuUBC2Shnf+DX0antecpAwSP8w=="
    },
    "yargs-parser@21.1.1": {
      "integrity": "sha512-tVpsJW7DdjecAiFpbIB1e3qxIQsE6NoPc5/eTdrbbIC4h0LVsWhnoa3g+m2HclBIujHzsxZ4VJVA+GUuc2/LBw=="
    },
    "yargs@16.2.0": {
      "integrity": "sha512-D1mvvtDG0L5ft/jGWkLpG1+m0eQxOfaBvTNELraWj22wSVUMWxZUvYgJYcKh6jGGIkJFhH4IZPQhR4TKpc8mBw==",
      "dependencies": [
        "cliui@7.0.4",
        "escalade",
        "get-caller-file",
        "require-directory",
        "string-width@4.2.3",
        "y18n",
        "yargs-parser@20.2.9"
      ]
    },
    "yargs@17.7.2": {
      "integrity": "sha512-7dSzzRQ++CKnNI/krKnYRV7JKKPUXMEh61soaHKg9mrWEhzFWhFnxPxGl+69cD1Ou63C13NUPCnmIcrvqCuM6w==",
      "dependencies": [
        "cliui@8.0.1",
        "escalade",
        "get-caller-file",
        "require-directory",
        "string-width@4.2.3",
        "y18n",
        "yargs-parser@21.1.1"
      ]
    }
  },
  "redirects": {
    "https://deno.land/x/oak/mod.ts": "https://deno.land/x/oak@v17.1.1/mod.ts",
    "https://deno.land/x/sqlite/mod.ts": "https://deno.land/x/sqlite@v3.9.1/mod.ts"
  },
  "remote": {
    "https://deno.land/x/oak@v17.1.1/application.ts": "2bcc73b3f22a193554c9958f7080ea635db25594d25ff7944021fca5bf74adba",
    "https://deno.land/x/oak@v17.1.1/body.ts": "f84e31e923fdadc3463519a4ab5409083d00281ae4cae00b9594af3e808f3007",
    "https://deno.land/x/oak@v17.1.1/context.ts": "345cfdaa5a2310558ee0863f2fba5f9ba648188412b16ce342c33266c085f5d3",
    "https://deno.land/x/oak@v17.1.1/deps.ts": "b778c76e91d6d2afe6124981212b6dc3d0b195739ea01857a45396dc78812b59",
    "https://deno.land/x/oak@v17.1.1/http_server_bun.ts": "cb3a66c735cd0533c4c3776b37ae627ab42344c82f91dff63e3030d9656fd3a0",
    "https://deno.land/x/oak@v17.1.1/http_server_native.ts": "3bea00ebb9638203d2449fbf9a14a6b87f119bd45012f13282ececdf7b4c4242",
    "https://deno.land/x/oak@v17.1.1/http_server_native_request.ts": "a4da6f4939736e6323720db2d4b0d19ff2e83f02e52ab1eea9ae80f2c047fa56",
    "https://deno.land/x/oak@v17.1.1/http_server_node.ts": "9bb5291c15305b297fd634aa4c6b1d5054368f4b7a171d7c7c302c73eb2489ed",
    "https://deno.land/x/oak@v17.1.1/middleware.ts": "4170180fe5009d2581a0bdc995e5953b90ccb5b1c3767f3eae8a4fe238b8bd81",
    "https://deno.land/x/oak@v17.1.1/middleware/etag.ts": "eb3cb3a8862ca1990ce80b7d1c3f142c866b22d34c2f785a0e8b46bc34b91f7d",
    "https://deno.land/x/oak@v17.1.1/middleware/proxy.ts": "a0b4964509d4320735ffbe52ae2629c78e302dd9b934fcf2ddf189d491469892",
    "https://deno.land/x/oak@v17.1.1/middleware/serve.ts": "efceebd70afb73bcabe0a6a8981f3d8474a2f2f30e85b46761aee49e81bd9d6a",
    "https://deno.land/x/oak@v17.1.1/mod.ts": "38e53e01e609583e843f3e2b2677de9872d23d68939ce0de85b402e7a8db01a7",
    "https://deno.land/x/oak@v17.1.1/node_shims.ts": "4db1569b2b79b73f37c4d947f4aaa50a93e266d48fe67601c8a31af17a28884d",
    "https://deno.land/x/oak@v17.1.1/request.ts": "1e7f2c338cd6889b616bbdc9e2062eac27acbffde05c685adfb1c60ecc80682a",
    "https://deno.land/x/oak@v17.1.1/response.ts": "75724db76f2dd782827f2dcaa00e4e1732709399bad2458c787fed2c95c4f8be",
    "https://deno.land/x/oak@v17.1.1/router.ts": "d625307016e5db92a9ff187d9917093cb441a8c442c0d78d8dbdbd9575816b72",
    "https://deno.land/x/oak@v17.1.1/send.ts": "340676bbed632dd11194b930467a4e1aec64199b08328e6394cb7669b64c98a6",
    "https://deno.land/x/oak@v17.1.1/testing.ts": "2b80f231aa2207ecdee690da46e230d1e5375d95b268dfaa5205b2b2f6cc740f",
    "https://deno.land/x/oak@v17.1.1/types.ts": "cd4ccd3e182d0cba2117cd27f560267970470ab9c0ff6556cadd73f605193be7",
    "https://deno.land/x/oak@v17.1.1/utils/clone_state.ts": "cf8989ddd56816b36ada253ae0acdbd46cdf3d68dbe674d2b66c46640fab3500",
    "https://deno.land/x/oak@v17.1.1/utils/consts.ts": "137c4f73479f5e98a13153b9305f06f0d85df3cf2aacad2c9f82d4c1f3a2f105",
    "https://deno.land/x/oak@v17.1.1/utils/create_promise_with_resolvers.ts": "de99e9a998162b929a011f8873eaf0895cf4742492b3ce6f6866d39217342523",
    "https://deno.land/x/oak@v17.1.1/utils/decode.ts": "2fd843f1217872318c339006dad266d62cdb99bff84bb6adef8a4b86269f51ce",
    "https://deno.land/x/oak@v17.1.1/utils/decode_component.ts": "d3e2c40ecdd2fdb79761c6e9ae224cf01a4643f7c5f4c1e0b69698d43025261b",
    "https://deno.land/x/oak@v17.1.1/utils/encode_url.ts": "c0ed6b318eb9523adeebba32eb9acd059c0f94d3511b2b9e3b024722d1b3dfb8",
    "https://deno.land/x/oak@v17.1.1/utils/resolve_path.ts": "aa39d54a003b38fee55f340a0cba3f93a7af85b8ddd5fbfb049a98fc0109b36d",
    "https://deno.land/x/oak@v17.1.1/utils/streams.ts": "3da73b94681f8d27a82cc67df3f91090ec0bd6c3e9ab957af588d41ab585d923",
    "https://deno.land/x/oak@v17.1.1/utils/type_guards.ts": "a8dbb5ab7424f0355b121537d2454f927e0ca9949262fb67ac4fbefbd5880313",
    "https://deno.land/x/sqlite@v3.9.1/build/sqlite.js": "2afc7875c7b9c85d89730c4a311ab3a304e5d1bf761fbadd8c07bbdf130f5f9b",
    "https://deno.land/x/sqlite@v3.9.1/build/vfs.js": "7f7778a9fe499cd10738d6e43867340b50b67d3e39142b0065acd51a84cd2e03",
    "https://deno.land/x/sqlite@v3.9.1/mod.ts": "e09fc79d8065fe222578114b109b1fd60077bff1bb75448532077f784f4d6a83",
    "https://deno.land/x/sqlite@v3.9.1/src/constants.ts": "90f3be047ec0a89bcb5d6fc30db121685fc82cb00b1c476124ff47a4b0472aa9",
    "https://deno.land/x/sqlite@v3.9.1/src/db.ts": "03d0c860957496eadedd86e51a6e650670764630e64f56df0092e86c90752401",
    "https://deno.land/x/sqlite@v3.9.1/src/error.ts": "f7a15cb00d7c3797da1aefee3cf86d23e0ae92e73f0ba3165496c3816ab9503a",
    "https://deno.land/x/sqlite@v3.9.1/src/function.ts": "bc778cab7a6d771f690afa27264c524d22fcb96f1bb61959ade7922c15a4ab8d",
    "https://deno.land/x/sqlite@v3.9.1/src/query.ts": "d58abda928f6582d77bad685ecf551b1be8a15e8e38403e293ec38522e030cad",
    "https://deno.land/x/sqlite@v3.9.1/src/wasm.ts": "e79d0baa6e42423257fb3c7cc98091c54399254867e0f34a09b5bdef37bd9487"
  },
  "workspace": {
    "dependencies": [
      "jsr:@oak/oak@^17.1.0",
      "jsr:@std/assert@1"
    ]
  }
}
